
Microsoft Visual Studio Solution File, Format Version 12.00
# Visual Studio 2013
VisualStudioVersion = 12.0.21005.1
MinimumVisualStudioVersion = 10.0.40219.1
Project("{FAE04EC0-301F-11D3-BF4B-00C04F79EFBC}") = "Door2DoorWebApp", "Door2DoorWebApp\Door2DoorWebApp.csproj", "{FA7EFA97-8F55-46B3-AD35-7C5893337402}"
EndProject
Project("{FAE04EC0-301F-11D3-BF4B-00C04F79EFBC}") = "Door2DoorCore", "Door2Door.Core\Door2DoorCore.csproj", "{D38A87E3-3797-4CE1-BFE2-23F69B124AC6}"
EndProject
Project("{FAE04EC0-301F-11D3-BF4B-00C04F79EFBC}") = "Door2DoorConsoleApp", "Door2DoorConsoleApp\Door2DoorConsoleApp.csproj", "{C6D0A1C0-BE92-4F4B-851A-0B71771A38B8}"
EndProject
Global
	GlobalSection(SolutionConfigurationPlatforms) = preSolution
		Debug|Any CPU = Debug|Any CPU
		Release|Any CPU = Release|Any CPU
	EndGlobalSection
	GlobalSection(ProjectConfigurationPlatforms) = postSolution
		{FA7EFA97-8F55-46B3-AD35-7C5893337402}.Debug|Any CPU.ActiveCfg = Debug|Any CPU
		{FA7EFA97-8F55-46B3-AD35-7C5893337402}.Debug|Any CPU.Build.0 = Debug|Any CPU
		{FA7EFA97-8F55-46B3-AD35-7C5893337402}.Release|Any CPU.ActiveCfg = Release|Any CPU
		{FA7EFA97-8F55-46B3-AD35-7C5893337402}.Release|Any CPU.Build.0 = Release|Any CPU
		{D38A87E3-3797-4CE1-BFE2-23F69B124AC6}.Debug|Any CPU.ActiveCfg = Debug|Any CPU
		{D38A87E3-3797-4CE1-BFE2-23F69B124AC6}.Debug|Any CPU.Build.0 = Debug|Any CPU
		{D38A87E3-3797-4CE1-BFE2-23F69B124AC6}.Release|Any CPU.ActiveCfg = Release|Any CPU
		{D38A87E3-3797-4CE1-BFE2-23F69B124AC6}.Release|Any CPU.Build.0 = Release|Any CPU
		{C6D0A1C0-BE92-4F4B-851A-0B71771A38B8}.Debug|Any CPU.ActiveCfg = Debug|Any CPU
		{C6D0A1C0-BE92-4F4B-851A-0B71771A38B8}.Debug|Any CPU.Build.0 = Debug|Any CPU
		{C6D0A1C0-BE92-4F4B-851A-0B71771A38B8}.Release|Any CPU.ActiveCfg = Release|Any CPU
		{C6D0A1C0-BE92-4F4B-851A-0B71771A38B8}.Release|Any CPU.Build.0 = Release|Any CPU
	EndGlobalSection
	GlobalSection(SolutionProperties) = preSolution
		HideSolutionNode = FALSE
	EndGlobalSection
EndGlobal
